
Microsoft Visual Studio Solution File, Format Version 12.00
# Visual Studio 15
Project("{FAE04EC0-301F-11D3-BF4B-00C04F79EFBC}") = "EditorTutorial.Android", "EditorTutorial.Android\EditorTutorial.Android.csproj", "{302C1B6A-F68F-4B49-AC9A-BA16579AF566}"
EndProject
Project("{FAE04EC0-301F-11D3-BF4B-00C04F79EFBC}") = "EditorTutorial.iOS", "EditorTutorial.iOS\EditorTutorial.iOS.csproj", "{E3440F63-F364-490D-8110-E138A387B4BB}"
EndProject
Project("{FAE04EC0-301F-11D3-BF4B-00C04F79EFBC}") = "EditorTutorial", "EditorTutorial\EditorTutorial.csproj", "{B89216EF-66F1-4176-B805-B93CE0B3CD17}"
EndProject
Global
	GlobalSection(SolutionConfigurationPlatforms) = preSolution
		Debug|Any CPU = Debug|Any CPU
		Release|Any CPU = Release|Any CPU
		Debug|iPhoneSimulator = Debug|iPhoneSimulator
		Release|iPhoneSimulator = Release|iPhoneSimulator
		Debug|iPhone = Debug|iPhone
		Release|iPhone = Release|iPhone
	EndGlobalSection
	GlobalSection(ProjectConfigurationPlatforms) = postSolution
		{302C1B6A-F68F-4B49-AC9A-BA16579AF566}.Debug|Any CPU.ActiveCfg = Debug|Any CPU
		{302C1B6A-F68F-4B49-AC9A-BA16579AF566}.Debug|Any CPU.Build.0 = Debug|Any CPU
		{302C1B6A-F68F-4B49-AC9A-BA16579AF566}.Release|Any CPU.ActiveCfg = Release|Any CPU
		{302C1B6A-F68F-4B49-AC9A-BA16579AF566}.Release|Any CPU.Build.0 = Release|Any CPU
		{302C1B6A-F68F-4B49-AC9A-BA16579AF566}.Debug|iPhoneSimulator.ActiveCfg = Debug|Any CPU
		{302C1B6A-F68F-4B49-AC9A-BA16579AF566}.Debug|iPhoneSimulator.Build.0 = Debug|Any CPU
		{302C1B6A-F68F-4B49-AC9A-BA16579AF566}.Release|iPhoneSimulator.ActiveCfg = Release|Any CPU
		{302C1B6A-F68F-4B49-AC9A-BA16579AF566}.Release|iPhoneSimulator.Build.0 = Release|Any CPU
		{302C1B6A-F68F-4B49-AC9A-BA16579AF566}.Debug|iPhone.ActiveCfg = Debug|Any CPU
		{302C1B6A-F68F-4B49-AC9A-BA16579AF566}.Debug|iPhone.Build.0 = Debug|Any CPU
		{302C1B6A-F68F-4B49-AC9A-BA16579AF566}.Release|iPhone.ActiveCfg = Release|Any CPU
		{302C1B6A-F68F-4B49-AC9A-BA16579AF566}.Release|iPhone.Build.0 = Release|Any CPU
		{E3440F63-F364-490D-8110-E138A387B4BB}.Debug|Any CPU.ActiveCfg = Debug|iPhoneSimulator
		{E3440F63-F364-490D-8110-E138A387B4BB}.Debug|Any CPU.Build.0 = Debug|iPhoneSimulator
		{E3440F63-F364-490D-8110-E138A387B4BB}.Release|Any CPU.ActiveCfg = Release|iPhoneSimulator
		{E3440F63-F364-490D-8110-E138A387B4BB}.Release|Any CPU.Build.0 = Release|iPhoneSimulator
		{E3440F63-F364-490D-8110-E138A387B4BB}.Debug|iPhoneSimulator.ActiveCfg = Debug|iPhoneSimulator
		{E3440F63-F364-490D-8110-E138A387B4BB}.Debug|iPhoneSimulator.Build.0 = Debug|iPhoneSimulator
		{E3440F63-F364-490D-8110-E138A387B4BB}.Release|iPhoneSimulator.ActiveCfg = Release|iPhoneSimulator
		{E3440F63-F364-490D-8110-E138A387B4BB}.Release|iPhoneSimulator.Build.0 = Release|iPhoneSimulator
		{E3440F63-F364-490D-8110-E138A387B4BB}.Debug|iPhone.ActiveCfg = Debug|iPhone
		{E3440F63-F364-490D-8110-E138A387B4BB}.Debug|iPhone.Build.0 = Debug|iPhone
		{E3440F63-F364-490D-8110-E138A387B4BB}.Release|iPhone.ActiveCfg = Release|iPhone
		{E3440F63-F364-490D-8110-E138A387B4BB}.Release|iPhone.Build.0 = Release|iPhone
		{B89216EF-66F1-4176-B805-B93CE0B3CD17}.Debug|Any CPU.ActiveCfg = Debug|Any CPU
		{B89216EF-66F1-4176-B805-B93CE0B3CD17}.Debug|Any CPU.Build.0 = Debug|Any CPU
		{B89216EF-66F1-4176-B805-B93CE0B3CD17}.Release|Any CPU.ActiveCfg = Release|Any CPU
		{B89216EF-66F1-4176-B805-B93CE0B3CD17}.Release|Any CPU.Build.0 = Release|Any CPU
		{B89216EF-66F1-4176-B805-B93CE0B3CD17}.Debug|iPhoneSimulator.ActiveCfg = Debug|Any CPU
		{B89216EF-66F1-4176-B805-B93CE0B3CD17}.Debug|iPhoneSimulator.Build.0 = Debug|Any CPU
		{B89216EF-66F1-4176-B805-B93CE0B3CD17}.Release|iPhoneSimulator.ActiveCfg = Release|Any CPU
		{B89216EF-66F1-4176-B805-B93CE0B3CD17}.Release|iPhoneSimulator.Build.0 = Release|Any CPU
		{B89216EF-66F1-4176-B805-B93CE0B3CD17}.Debug|iPhone.ActiveCfg = Debug|Any CPU
		{B89216EF-66F1-4176-B805-B93CE0B3CD17}.Debug|iPhone.Build.0 = Debug|Any CPU
		{B89216EF-66F1-4176-B805-B93CE0B3CD17}.Release|iPhone.ActiveCfg = Release|Any CPU
		{B89216EF-66F1-4176-B805-B93CE0B3CD17}.Release|iPhone.Build.0 = Release|Any CPU
	EndGlobalSection
EndGlobal
