
Microsoft Visual Studio Solution File, Format Version 12.00
# Visual Studio 15
Project("{FAE04EC0-301F-11D3-BF4B-00C04F79EFBC}") = "PopupsTutorial.Android", "PopupsTutorial.Android\PopupsTutorial.Android.csproj", "{D7DCA256-4250-4837-B3FA-16B9F843A384}"
EndProject
Project("{FAE04EC0-301F-11D3-BF4B-00C04F79EFBC}") = "PopupsTutorial.iOS", "PopupsTutorial.iOS\PopupsTutorial.iOS.csproj", "{1D297C2B-6DDF-49A2-9237-250EA9CA3E6A}"
EndProject
Project("{FAE04EC0-301F-11D3-BF4B-00C04F79EFBC}") = "PopupsTutorial", "PopupsTutorial\PopupsTutorial.csproj", "{2C074ECE-9167-426D-979D-E09727D1BD5E}"
EndProject
Global
	GlobalSection(SolutionConfigurationPlatforms) = preSolution
		Debug|Any CPU = Debug|Any CPU
		Release|Any CPU = Release|Any CPU
		Debug|iPhoneSimulator = Debug|iPhoneSimulator
		Release|iPhoneSimulator = Release|iPhoneSimulator
		Debug|iPhone = Debug|iPhone
		Release|iPhone = Release|iPhone
	EndGlobalSection
	GlobalSection(ProjectConfigurationPlatforms) = postSolution
		{D7DCA256-4250-4837-B3FA-16B9F843A384}.Debug|Any CPU.ActiveCfg = Debug|Any CPU
		{D7DCA256-4250-4837-B3FA-16B9F843A384}.Debug|Any CPU.Build.0 = Debug|Any CPU
		{D7DCA256-4250-4837-B3FA-16B9F843A384}.Release|Any CPU.ActiveCfg = Release|Any CPU
		{D7DCA256-4250-4837-B3FA-16B9F843A384}.Release|Any CPU.Build.0 = Release|Any CPU
		{D7DCA256-4250-4837-B3FA-16B9F843A384}.Debug|iPhoneSimulator.ActiveCfg = Debug|Any CPU
		{D7DCA256-4250-4837-B3FA-16B9F843A384}.Debug|iPhoneSimulator.Build.0 = Debug|Any CPU
		{D7DCA256-4250-4837-B3FA-16B9F843A384}.Release|iPhoneSimulator.ActiveCfg = Release|Any CPU
		{D7DCA256-4250-4837-B3FA-16B9F843A384}.Release|iPhoneSimulator.Build.0 = Release|Any CPU
		{D7DCA256-4250-4837-B3FA-16B9F843A384}.Debug|iPhone.ActiveCfg = Debug|Any CPU
		{D7DCA256-4250-4837-B3FA-16B9F843A384}.Debug|iPhone.Build.0 = Debug|Any CPU
		{D7DCA256-4250-4837-B3FA-16B9F843A384}.Release|iPhone.ActiveCfg = Release|Any CPU
		{D7DCA256-4250-4837-B3FA-16B9F843A384}.Release|iPhone.Build.0 = Release|Any CPU
		{1D297C2B-6DDF-49A2-9237-250EA9CA3E6A}.Debug|Any CPU.ActiveCfg = Debug|iPhoneSimulator
		{1D297C2B-6DDF-49A2-9237-250EA9CA3E6A}.Debug|Any CPU.Build.0 = Debug|iPhoneSimulator
		{1D297C2B-6DDF-49A2-9237-250EA9CA3E6A}.Release|Any CPU.ActiveCfg = Release|iPhoneSimulator
		{1D297C2B-6DDF-49A2-9237-250EA9CA3E6A}.Release|Any CPU.Build.0 = Release|iPhoneSimulator
		{1D297C2B-6DDF-49A2-9237-250EA9CA3E6A}.Debug|iPhoneSimulator.ActiveCfg = Debug|iPhoneSimulator
		{1D297C2B-6DDF-49A2-9237-250EA9CA3E6A}.Debug|iPhoneSimulator.Build.0 = Debug|iPhoneSimulator
		{1D297C2B-6DDF-49A2-9237-250EA9CA3E6A}.Release|iPhoneSimulator.ActiveCfg = Release|iPhoneSimulator
		{1D297C2B-6DDF-49A2-9237-250EA9CA3E6A}.Release|iPhoneSimulator.Build.0 = Release|iPhoneSimulator
		{1D297C2B-6DDF-49A2-9237-250EA9CA3E6A}.Debug|iPhone.ActiveCfg = Debug|iPhone
		{1D297C2B-6DDF-49A2-9237-250EA9CA3E6A}.Debug|iPhone.Build.0 = Debug|iPhone
		{1D297C2B-6DDF-49A2-9237-250EA9CA3E6A}.Release|iPhone.ActiveCfg = Release|iPhone
		{1D297C2B-6DDF-49A2-9237-250EA9CA3E6A}.Release|iPhone.Build.0 = Release|iPhone
		{2C074ECE-9167-426D-979D-E09727D1BD5E}.Debug|Any CPU.ActiveCfg = Debug|Any CPU
		{2C074ECE-9167-426D-979D-E09727D1BD5E}.Debug|Any CPU.Build.0 = Debug|Any CPU
		{2C074ECE-9167-426D-979D-E09727D1BD5E}.Release|Any CPU.ActiveCfg = Release|Any CPU
		{2C074ECE-9167-426D-979D-E09727D1BD5E}.Release|Any CPU.Build.0 = Release|Any CPU
		{2C074ECE-9167-426D-979D-E09727D1BD5E}.Debug|iPhoneSimulator.ActiveCfg = Debug|Any CPU
		{2C074ECE-9167-426D-979D-E09727D1BD5E}.Debug|iPhoneSimulator.Build.0 = Debug|Any CPU
		{2C074ECE-9167-426D-979D-E09727D1BD5E}.Release|iPhoneSimulator.ActiveCfg = Release|Any CPU
		{2C074ECE-9167-426D-979D-E09727D1BD5E}.Release|iPhoneSimulator.Build.0 = Release|Any CPU
		{2C074ECE-9167-426D-979D-E09727D1BD5E}.Debug|iPhone.ActiveCfg = Debug|Any CPU
		{2C074ECE-9167-426D-979D-E09727D1BD5E}.Debug|iPhone.Build.0 = Debug|Any CPU
		{2C074ECE-9167-426D-979D-E09727D1BD5E}.Release|iPhone.ActiveCfg = Release|Any CPU
		{2C074ECE-9167-426D-979D-E09727D1BD5E}.Release|iPhone.Build.0 = Release|Any CPU
	EndGlobalSection
EndGlobal
