
Microsoft Visual Studio Solution File, Format Version 12.00
# Visual Studio 15
Project("{FAE04EC0-301F-11D3-BF4B-00C04F79EFBC}") = "Notes.Android", "Notes.Android\Notes.Android.csproj", "{2B323FA8-9AD0-4AAA-A429-CA0508225954}"
EndProject
Project("{FAE04EC0-301F-11D3-BF4B-00C04F79EFBC}") = "Notes.iOS", "Notes.iOS\Notes.iOS.csproj", "{E1C75575-9D84-4588-81CA-6F7E019870A2}"
EndProject
Project("{FAE04EC0-301F-11D3-BF4B-00C04F79EFBC}") = "Notes", "Notes\Notes.csproj", "{84F4442B-2428-445C-8DD1-46611DAE1ED7}"
EndProject
Global
	GlobalSection(SolutionConfigurationPlatforms) = preSolution
		Debug|Any CPU = Debug|Any CPU
		Release|Any CPU = Release|Any CPU
		Debug|iPhoneSimulator = Debug|iPhoneSimulator
		Release|iPhoneSimulator = Release|iPhoneSimulator
		Debug|iPhone = Debug|iPhone
		Release|iPhone = Release|iPhone
	EndGlobalSection
	GlobalSection(ProjectConfigurationPlatforms) = postSolution
		{2B323FA8-9AD0-4AAA-A429-CA0508225954}.Debug|Any CPU.ActiveCfg = Debug|Any CPU
		{2B323FA8-9AD0-4AAA-A429-CA0508225954}.Debug|Any CPU.Build.0 = Debug|Any CPU
		{2B323FA8-9AD0-4AAA-A429-CA0508225954}.Release|Any CPU.ActiveCfg = Release|Any CPU
		{2B323FA8-9AD0-4AAA-A429-CA0508225954}.Release|Any CPU.Build.0 = Release|Any CPU
		{2B323FA8-9AD0-4AAA-A429-CA0508225954}.Debug|iPhoneSimulator.ActiveCfg = Debug|Any CPU
		{2B323FA8-9AD0-4AAA-A429-CA0508225954}.Debug|iPhoneSimulator.Build.0 = Debug|Any CPU
		{2B323FA8-9AD0-4AAA-A429-CA0508225954}.Release|iPhoneSimulator.ActiveCfg = Release|Any CPU
		{2B323FA8-9AD0-4AAA-A429-CA0508225954}.Release|iPhoneSimulator.Build.0 = Release|Any CPU
		{2B323FA8-9AD0-4AAA-A429-CA0508225954}.Debug|iPhone.ActiveCfg = Debug|Any CPU
		{2B323FA8-9AD0-4AAA-A429-CA0508225954}.Debug|iPhone.Build.0 = Debug|Any CPU
		{2B323FA8-9AD0-4AAA-A429-CA0508225954}.Release|iPhone.ActiveCfg = Release|Any CPU
		{2B323FA8-9AD0-4AAA-A429-CA0508225954}.Release|iPhone.Build.0 = Release|Any CPU
		{E1C75575-9D84-4588-81CA-6F7E019870A2}.Debug|Any CPU.ActiveCfg = Debug|iPhoneSimulator
		{E1C75575-9D84-4588-81CA-6F7E019870A2}.Debug|Any CPU.Build.0 = Debug|iPhoneSimulator
		{E1C75575-9D84-4588-81CA-6F7E019870A2}.Release|Any CPU.ActiveCfg = Release|iPhoneSimulator
		{E1C75575-9D84-4588-81CA-6F7E019870A2}.Release|Any CPU.Build.0 = Release|iPhoneSimulator
		{E1C75575-9D84-4588-81CA-6F7E019870A2}.Debug|iPhoneSimulator.ActiveCfg = Debug|iPhoneSimulator
		{E1C75575-9D84-4588-81CA-6F7E019870A2}.Debug|iPhoneSimulator.Build.0 = Debug|iPhoneSimulator
		{E1C75575-9D84-4588-81CA-6F7E019870A2}.Release|iPhoneSimulator.ActiveCfg = Release|iPhoneSimulator
		{E1C75575-9D84-4588-81CA-6F7E019870A2}.Release|iPhoneSimulator.Build.0 = Release|iPhoneSimulator
		{E1C75575-9D84-4588-81CA-6F7E019870A2}.Debug|iPhone.ActiveCfg = Debug|iPhone
		{E1C75575-9D84-4588-81CA-6F7E019870A2}.Debug|iPhone.Build.0 = Debug|iPhone
		{E1C75575-9D84-4588-81CA-6F7E019870A2}.Release|iPhone.ActiveCfg = Release|iPhone
		{E1C75575-9D84-4588-81CA-6F7E019870A2}.Release|iPhone.Build.0 = Release|iPhone
		{84F4442B-2428-445C-8DD1-46611DAE1ED7}.Debug|Any CPU.ActiveCfg = Debug|Any CPU
		{84F4442B-2428-445C-8DD1-46611DAE1ED7}.Debug|Any CPU.Build.0 = Debug|Any CPU
		{84F4442B-2428-445C-8DD1-46611DAE1ED7}.Release|Any CPU.ActiveCfg = Release|Any CPU
		{84F4442B-2428-445C-8DD1-46611DAE1ED7}.Release|Any CPU.Build.0 = Release|Any CPU
		{84F4442B-2428-445C-8DD1-46611DAE1ED7}.Debug|iPhoneSimulator.ActiveCfg = Debug|Any CPU
		{84F4442B-2428-445C-8DD1-46611DAE1ED7}.Debug|iPhoneSimulator.Build.0 = Debug|Any CPU
		{84F4442B-2428-445C-8DD1-46611DAE1ED7}.Release|iPhoneSimulator.ActiveCfg = Release|Any CPU
		{84F4442B-2428-445C-8DD1-46611DAE1ED7}.Release|iPhoneSimulator.Build.0 = Release|Any CPU
		{84F4442B-2428-445C-8DD1-46611DAE1ED7}.Debug|iPhone.ActiveCfg = Debug|Any CPU
		{84F4442B-2428-445C-8DD1-46611DAE1ED7}.Debug|iPhone.Build.0 = Debug|Any CPU
		{84F4442B-2428-445C-8DD1-46611DAE1ED7}.Release|iPhone.ActiveCfg = Release|Any CPU
		{84F4442B-2428-445C-8DD1-46611DAE1ED7}.Release|iPhone.Build.0 = Release|Any CPU
	EndGlobalSection
EndGlobal
